
Microsoft Visual Studio Solution File, Format Version 12.00
# Visual Studio Version 17
VisualStudioVersion = 17.14.36930.0
MinimumVisualStudioVersion = 10.0.40219.1
Project("{8BC9CEB8-8B4A-11D0-8D11-00A0C91BC942}") = "cards", "cards\cards.vcxproj", "{42AE688C-67E4-40F2-B708-EF8FED7BB16C}"
EndProject
Project("{8BC9CEB8-8B4A-11D0-8D11-00A0C91BC942}") = "SolidAir", "SolidAir\SolidAir.vcxproj", "{77CFAACA-2C64-401D-BDB7-9A535F8D88ED}"
EndProject
Project("{54435603-DBB4-11D2-8724-00A0C9A8B90C}") = "SolidAirSetup", "SolidAirSetup\SolidAirSetup.vdproj", "{F77EEA0D-0C43-C59B-0132-B747F7587CB6}"
EndProject
Global
	GlobalSection(SolutionConfigurationPlatforms) = preSolution
		Debug|x64 = Debug|x64
		Debug|x86 = Debug|x86
		Release|x64 = Release|x64
		Release|x86 = Release|x86
	EndGlobalSection
	GlobalSection(ProjectConfigurationPlatforms) = postSolution
		{42AE688C-67E4-40F2-B708-EF8FED7BB16C}.Debug|x64.ActiveCfg = Debug|x64
		{42AE688C-67E4-40F2-B708-EF8FED7BB16C}.Debug|x64.Build.0 = Debug|x64
		{42AE688C-67E4-40F2-B708-EF8FED7BB16C}.Debug|x86.ActiveCfg = Debug|Win32
		{42AE688C-67E4-40F2-B708-EF8FED7BB16C}.Debug|x86.Build.0 = Debug|Win32
		{42AE688C-67E4-40F2-B708-EF8FED7BB16C}.Release|x64.ActiveCfg = Release|x64
		{42AE688C-67E4-40F2-B708-EF8FED7BB16C}.Release|x64.Build.0 = Release|x64
		{42AE688C-67E4-40F2-B708-EF8FED7BB16C}.Release|x86.ActiveCfg = Release|Win32
		{42AE688C-67E4-40F2-B708-EF8FED7BB16C}.Release|x86.Build.0 = Release|Win32
		{77CFAACA-2C64-401D-BDB7-9A535F8D88ED}.Debug|x64.ActiveCfg = Debug|x64
		{77CFAACA-2C64-401D-BDB7-9A535F8D88ED}.Debug|x64.Build.0 = Debug|x64
		{77CFAACA-2C64-401D-BDB7-9A535F8D88ED}.Debug|x86.ActiveCfg = Debug|Win32
		{77CFAACA-2C64-401D-BDB7-9A535F8D88ED}.Debug|x86.Build.0 = Debug|Win32
		{77CFAACA-2C64-401D-BDB7-9A535F8D88ED}.Release|x64.ActiveCfg = Release|x64
		{77CFAACA-2C64-401D-BDB7-9A535F8D88ED}.Release|x64.Build.0 = Release|x64
		{77CFAACA-2C64-401D-BDB7-9A535F8D88ED}.Release|x86.ActiveCfg = Release|Win32
		{77CFAACA-2C64-401D-BDB7-9A535F8D88ED}.Release|x86.Build.0 = Release|Win32
		{F77EEA0D-0C43-C59B-0132-B747F7587CB6}.Debug|x64.ActiveCfg = Debug
		{F77EEA0D-0C43-C59B-0132-B747F7587CB6}.Debug|x86.ActiveCfg = Debug
		{F77EEA0D-0C43-C59B-0132-B747F7587CB6}.Release|x64.ActiveCfg = Release
		{F77EEA0D-0C43-C59B-0132-B747F7587CB6}.Release|x86.ActiveCfg = Release
	EndGlobalSection
	GlobalSection(SolutionProperties) = preSolution
		HideSolutionNode = FALSE
	EndGlobalSection
	GlobalSection(ExtensibilityGlobals) = postSolution
		SolutionGuid = {C733CC14-24D8-4014-B7DA-17D9F9159EC1}
	EndGlobalSection
EndGlobal
